
Microsoft Visual Studio Solution File, Format Version 12.00
# Visual Studio Version 17
VisualStudioVersion = 17.5.002.0
MinimumVisualStudioVersion = 10.0.40219.1
Project("{9A19103F-16F7-4668-BE54-9A1E7A4F7556}") = "simpleprograme", "simpleprograme.csproj", "{BE28801A-B3C3-458A-B9E0-6DA8D692FFAD}"
EndProject
Global
	GlobalSection(SolutionConfigurationPlatforms) = preSolution
		Debug|Any CPU = Debug|Any CPU
		Release|Any CPU = Release|Any CPU
	EndGlobalSection
	GlobalSection(ProjectConfigurationPlatforms) = postSolution
		{BE28801A-B3C3-458A-B9E0-6DA8D692FFAD}.Debug|Any CPU.ActiveCfg = Debug|Any CPU
		{BE28801A-B3C3-458A-B9E0-6DA8D692FFAD}.Debug|Any CPU.Build.0 = Debug|Any CPU
		{BE28801A-B3C3-458A-B9E0-6DA8D692FFAD}.Release|Any CPU.ActiveCfg = Release|Any CPU
		{BE28801A-B3C3-458A-B9E0-6DA8D692FFAD}.Release|Any CPU.Build.0 = Release|Any CPU
	EndGlobalSection
	GlobalSection(SolutionProperties) = preSolution
		HideSolutionNode = FALSE
	EndGlobalSection
	GlobalSection(ExtensibilityGlobals) = postSolution
		SolutionGuid = {7E1B852B-E063-403D-B4EA-67E8DCF5B27E}
	EndGlobalSection
EndGlobal
